// !$*UTF8*$!
{
	archiveVersion = 1;
	classes = {
	};
	objectVersion = 46;
	objects = {

/* Begin PBXBuildFile section */
		82A63E1819C22D1B00BDE15D /* Foundation.framework in Frameworks */ = {isa = PBXBuildFile; fileRef = 82A63E1719C22D1B00BDE15D /* Foundation.framework */; };
		82A63E1A19C22D1B00BDE15D /* CoreGraphics.framework in Frameworks */ = {isa = PBXBuildFile; fileRef = 82A63E1919C22D1B00BDE15D /* CoreGraphics.framework */; };
		82A63E1C19C22D1C00BDE15D /* UIKit.framework in Frameworks */ = {isa = PBXBuildFile; fileRef = 82A63E1B19C22D1C00BDE15D /* UIKit.framework */; };
		82A63E2219C22D1C00BDE15D /* InfoPlist.strings in Resources */ = {isa = PBXBuildFile; fileRef = 82A63E2019C22D1C00BDE15D /* InfoPlist.strings */; };
		82A63E2419C22D1C00BDE15D /* main.m in Sources */ = {isa = PBXBuildFile; fileRef = 82A63E2319C22D1C00BDE15D /* main.m */; };
		82A63E2819C22D1C00BDE15D /* CCAppDelegate.m in Sources */ = {isa = PBXBuildFile; fileRef = 82A63E2719C22D1C00BDE15D /* CCAppDelegate.m */; };
		82A63E2B19C22D1C00BDE15D /* Main.storyboard in Resources */ = {isa = PBXBuildFile; fileRef = 82A63E2919C22D1C00BDE15D /* Main.storyboard */; };
		82A63E2E19C22D1C00BDE15D /* CCViewController.m in Sources */ = {isa = PBXBuildFile; fileRef = 82A63E2D19C22D1C00BDE15D /* CCViewController.m */; };
		82A63E3019C22D1C00BDE15D /* Images.xcassets in Resources */ = {isa = PBXBuildFile; fileRef = 82A63E2F19C22D1C00BDE15D /* Images.xcassets */; };
		82A63E3719C22D1C00BDE15D /* XCTest.framework in Frameworks */ = {isa = PBXBuildFile; fileRef = 82A63E3619C22D1C00BDE15D /* XCTest.framework */; };
		82A63E3819C22D1C00BDE15D /* Foundation.framework in Frameworks */ = {isa = PBXBuildFile; fileRef = 82A63E1719C22D1B00BDE15D /* Foundation.framework */; };
		82A63E3919C22D1C00BDE15D /* UIKit.framework in Frameworks */ = {isa = PBXBuildFile; fileRef = 82A63E1B19C22D1C00BDE15D /* UIKit.framework */; };
		82A63E4119C22D1C00BDE15D /* InfoPlist.strings in Resources */ = {isa = PBXBuildFile; fileRef = 82A63E3F19C22D1C00BDE15D /* InfoPlist.strings */; };
		82A63E4319C22D1C00BDE15D /* User_Data_ChallengeTests.m in Sources */ = {isa = PBXBuildFile; fileRef = 82A63E4219C22D1C00BDE15D /* User_Data_ChallengeTests.m */; };
		82A63E4F19C2317400BDE15D /* CCUserData.m in Sources */ = {isa = PBXBuildFile; fileRef = 82A63E4E19C2317400BDE15D /* CCUserData.m */; };
/* End PBXBuildFile section */

/* Begin PBXContainerItemProxy section */
		82A63E3A19C22D1C00BDE15D /* PBXContainerItemProxy */ = {
			isa = PBXContainerItemProxy;
			containerPortal = 82A63E0C19C22D1B00BDE15D /* Project object */;
			proxyType = 1;
			remoteGlobalIDString = 82A63E1319C22D1B00BDE15D;
			remoteInfo = "User Data Challenge";
		};
/* End PBXContainerItemProxy section */

/* Begin PBXFileReference section */
		82A63E1419C22D1B00BDE15D /* User Data Challenge.app */ = {isa = PBXFileReference; explicitFileType = wrapper.application; includeInIndex = 0; path = "User Data Challenge.app"; sourceTree = BUILT_PRODUCTS_DIR; };
		82A63E1719C22D1B00BDE15D /* Foundation.framework */ = {isa = PBXFileReference; lastKnownFileType = wrapper.framework; name = Foundation.framework; path = System/Library/Frameworks/Foundation.framework; sourceTree = SDKROOT; };
		82A63E1919C22D1B00BDE15D /* CoreGraphics.framework */ = {isa = PBXFileReference; lastKnownFileType = wrapper.framework; name = CoreGraphics.framework; path = System/Library/Frameworks/CoreGraphics.framework; sourceTree = SDKROOT; };
		82A63E1B19C22D1C00BDE15D /* UIKit.framework */ = {isa = PBXFileReference; lastKnownFileType = wrapper.framework; name = UIKit.framework; path = System/Library/Frameworks/UIKit.framework; sourceTree = SDKROOT; };
		82A63E1F19C22D1C00BDE15D /* User Data Challenge-Info.plist */ = {isa = PBXFileReference; lastKnownFileType = text.plist.xml; path = "User Data Challenge-Info.plist"; sourceTree = "<group>"; };
		82A63E2119C22D1C00BDE15D /* en */ = {isa = PBXFileReference; lastKnownFileType = text.plist.strings; name = en; path = en.lproj/InfoPlist.strings; sourceTree = "<group>"; };
		82A63E2319C22D1C00BDE15D /* main.m */ = {isa = PBXFileReference; lastKnownFileType = sourcecode.c.objc; path = main.m; sourceTree = "<group>"; };
		82A63E2519C22D1C00BDE15D /* User Data Challenge-Prefix.pch */ = {isa = PBXFileReference; lastKnownFileType = sourcecode.c.h; path = "User Data Challenge-Prefix.pch"; sourceTree = "<group>"; };
		82A63E2619C22D1C00BDE15D /* CCAppDelegate.h */ = {isa = PBXFileReference; lastKnownFileType = sourcecode.c.h; path = CCAppDelegate.h; sourceTree = "<group>"; };
		82A63E2719C22D1C00BDE15D /* CCAppDelegate.m */ = {isa = PBXFileReference; lastKnownFileType = sourcecode.c.objc; path = CCAppDelegate.m; sourceTree = "<group>"; };
		82A63E2A19C22D1C00BDE15D /* Base */ = {isa = PBXFileReference; lastKnownFileType = file.storyboard; name = Base; path = Base.lproj/Main.storyboard; sourceTree = "<group>"; };
		82A63E2C19C22D1C00BDE15D /* CCViewController.h */ = {isa = PBXFileReference; lastKnownFileType = sourcecode.c.h; path = CCViewController.h; sourceTree = "<group>"; };
		82A63E2D19C22D1C00BDE15D /* CCViewController.m */ = {isa = PBXFileReference; lastKnownFileType = sourcecode.c.objc; path = CCViewController.m; sourceTree = "<group>"; };
		82A63E2F19C22D1C00BDE15D /* Images.xcassets */ = {isa = PBXFileReference; lastKnownFileType = folder.assetcatalog; path = Images.xcassets; sourceTree = "<group>"; };
		82A63E3519C22D1C00BDE15D /* User Data ChallengeTests.xctest */ = {isa = PBXFileReference; explicitFileType = wrapper.cfbundle; includeInIndex = 0; path = "User Data ChallengeTests.xctest"; sourceTree = BUILT_PRODUCTS_DIR; };
		82A63E3619C22D1C00BDE15D /* XCTest.framework */ = {isa = PBXFileReference; lastKnownFileType = wrapper.framework; name = XCTest.framework; path = Library/Frameworks/XCTest.framework; sourceTree = DEVELOPER_DIR; };
		82A63E3E19C22D1C00BDE15D /* User Data ChallengeTests-Info.plist */ = {isa = PBXFileReference; lastKnownFileType = text.plist.xml; path = "User Data ChallengeTests-Info.plist"; sourceTree = "<group>"; };
		82A63E4019C22D1C00BDE15D /* en */ = {isa = PBXFileReference; lastKnownFileType = text.plist.strings; name = en; path = en.lproj/InfoPlist.strings; sourceTree = "<group>"; };
		82A63E4219C22D1C00BDE15D /* User_Data_ChallengeTests.m */ = {isa = PBXFileReference; lastKnownFileType = sourcecode.c.objc; path = User_Data_ChallengeTests.m; sourceTree = "<group>"; };
		82A63E4D19C2317400BDE15D /* CCUserData.h */ = {isa = PBXFileReference; fileEncoding = 4; lastKnownFileType = sourcecode.c.h; path = CCUserData.h; sourceTree = "<group>"; };
		82A63E4E19C2317400BDE15D /* CCUserData.m */ = {isa = PBXFileReference; fileEncoding = 4; lastKnownFileType = sourcecode.c.objc; path = CCUserData.m; sourceTree = "<group>"; };
/* End PBXFileReference section */

/* Begin PBXFrameworksBuildPhase section */
		82A63E1119C22D1B00BDE15D /* Frameworks */ = {
			isa = PBXFrameworksBuildPhase;
			buildActionMask = 2147483647;
			files = (
				82A63E1A19C22D1B00BDE15D /* CoreGraphics.framework in Frameworks */,
				82A63E1C19C22D1C00BDE15D /* UIKit.framework in Frameworks */,
				82A63E1819C22D1B00BDE15D /* Foundation.framework in Frameworks */,
			);
			runOnlyForDeploymentPostprocessing = 0;
		};
		82A63E3219C22D1C00BDE15D /* Frameworks */ = {
			isa = PBXFrameworksBuildPhase;
			buildActionMask = 2147483647;
			files = (
				82A63E3719C22D1C00BDE15D /* XCTest.framework in Frameworks */,
				82A63E3919C22D1C00BDE15D /* UIKit.framework in Frameworks */,
				82A63E3819C22D1C00BDE15D /* Foundation.framework in Frameworks */,
			);
			runOnlyForDeploymentPostprocessing = 0;
		};
/* End PBXFrameworksBuildPhase section */

/* Begin PBXGroup section */
		82A63E0B19C22D1B00BDE15D = {
			isa = PBXGroup;
			children = (
				82A63E1D19C22D1C00BDE15D /* User Data Challenge */,
				82A63E3C19C22D1C00BDE15D /* User Data ChallengeTests */,
				82A63E1619C22D1B00BDE15D /* Frameworks */,
				82A63E1519C22D1B00BDE15D /* Products */,
			);
			sourceTree = "<group>";
		};
		82A63E1519C22D1B00BDE15D /* Products */ = {
			isa = PBXGroup;
			children = (
				82A63E1419C22D1B00BDE15D /* User Data Challenge.app */,
				82A63E3519C22D1C00BDE15D /* User Data ChallengeTests.xctest */,
			);
			name = Products;
			sourceTree = "<group>";
		};
		82A63E1619C22D1B00BDE15D /* Frameworks */ = {
			isa = PBXGroup;
			children = (
				82A63E1719C22D1B00BDE15D /* Foundation.framework */,
				82A63E1919C22D1B00BDE15D /* CoreGraphics.framework */,
				82A63E1B19C22D1C00BDE15D /* UIKit.framework */,
				82A63E3619C22D1C00BDE15D /* XCTest.framework */,
			);
			name = Frameworks;
			sourceTree = "<group>";
		};
		82A63E1D19C22D1C00BDE15D /* User Data Challenge */ = {
			isa = PBXGroup;
			children = (
				82A63E4C19C2315D00BDE15D /* Models */,
				82A63E2619C22D1C00BDE15D /* CCAppDelegate.h */,
				82A63E2719C22D1C00BDE15D /* CCAppDelegate.m */,
				82A63E2919C22D1C00BDE15D /* Main.storyboard */,
				82A63E2C19C22D1C00BDE15D /* CCViewController.h */,
				82A63E2D19C22D1C00BDE15D /* CCViewController.m */,
				82A63E2F19C22D1C00BDE15D /* Images.xcassets */,
				82A63E1E19C22D1C00BDE15D /* Supporting Files */,
			);
			path = "User Data Challenge";
			sourceTree = "<group>";
		};
		82A63E1E19C22D1C00BDE15D /* Supporting Files */ = {
			isa = PBXGroup;
			children = (
				82A63E1F19C22D1C00BDE15D /* User Data Challenge-Info.plist */,
				82A63E2019C22D1C00BDE15D /* InfoPlist.strings */,
				82A63E2319C22D1C00BDE15D /* main.m */,
				82A63E2519C22D1C00BDE15D /* User Data Challenge-Prefix.pch */,
			);
			name = "Supporting Files";
			sourceTree = "<group>";
		};
		82A63E3C19C22D1C00BDE15D /* User Data ChallengeTests */ = {
			isa = PBXGroup;
			children = (
				82A63E4219C22D1C00BDE15D /* User_Data_ChallengeTests.m */,
				82A63E3D19C22D1C00BDE15D /* Supporting Files */,
			);
			path = "User Data ChallengeTests";
			sourceTree = "<group>";
		};
		82A63E3D19C22D1C00BDE15D /* Supporting Files */ = {
			isa = PBXGroup;
			children = (
				82A63E3E19C22D1C00BDE15D /* User Data ChallengeTests-Info.plist */,
				82A63E3F19C22D1C00BDE15D /* InfoPlist.strings */,
			);
			name = "Supporting Files";
			sourceTree = "<group>";
		};
		82A63E4C19C2315D00BDE15D /* Models */ = {
			isa = PBXGroup;
			children = (
				82A63E4D19C2317400BDE15D /* CCUserData.h */,
				82A63E4E19C2317400BDE15D /* CCUserData.m */,
			);
			name = Models;
			sourceTree = "<group>";
		};
/* End PBXGroup section */

/* Begin PBXNativeTarget section */
		82A63E1319C22D1B00BDE15D /* User Data Challenge */ = {
			isa = PBXNativeTarget;
			buildConfigurationList = 82A63E4619C22D1C00BDE15D /* Build configuration list for PBXNativeTarget "User Data Challenge" */;
			buildPhases = (
				82A63E1019C22D1B00BDE15D /* Sources */,
				82A63E1119C22D1B00BDE15D /* Frameworks */,
				82A63E1219C22D1B00BDE15D /* Resources */,
			);
			buildRules = (
			);
			dependencies = (
			);
			name = "User Data Challenge";
			productName = "User Data Challenge";
			productReference = 82A63E1419C22D1B00BDE15D /* User Data Challenge.app */;
			productType = "com.apple.product-type.application";
		};
		82A63E3419C22D1C00BDE15D /* User Data ChallengeTests */ = {
			isa = PBXNativeTarget;
			buildConfigurationList = 82A63E4919C22D1C00BDE15D /* Build configuration list for PBXNativeTarget "User Data ChallengeTests" */;
			buildPhases = (
				82A63E3119C22D1C00BDE15D /* Sources */,
				82A63E3219C22D1C00BDE15D /* Frameworks */,
				82A63E3319C22D1C00BDE15D /* Resources */,
			);
			buildRules = (
			);
			dependencies = (
				82A63E3B19C22D1C00BDE15D /* PBXTargetDependency */,
			);
			name = "User Data ChallengeTests";
			productName = "User Data ChallengeTests";
			productReference = 82A63E3519C22D1C00BDE15D /* User Data ChallengeTests.xctest */;
			productType = "com.apple.product-type.bundle.unit-test";
		};
/* End PBXNativeTarget section */

/* Begin PBXProject section */
		82A63E0C19C22D1B00BDE15D /* Project object */ = {
			isa = PBXProject;
			attributes = {
				CLASSPREFIX = CC;
				LastUpgradeCheck = 0510;
				ORGANIZATIONNAME = codeHatcher;
				TargetAttributes = {
					82A63E3419C22D1C00BDE15D = {
						TestTargetID = 82A63E1319C22D1B00BDE15D;
					};
				};
			};
			buildConfigurationList = 82A63E0F19C22D1B00BDE15D /* Build configuration list for PBXProject "User Data Challenge" */;
			compatibilityVersion = "Xcode 3.2";
			developmentRegion = English;
			hasScannedForEncodings = 0;
			knownRegions = (
				en,
				Base,
			);
			mainGroup = 82A63E0B19C22D1B00BDE15D;
			productRefGroup = 82A63E1519C22D1B00BDE15D /* Products */;
			projectDirPath = "";
			projectRoot = "";
			targets = (
				82A63E1319C22D1B00BDE15D /* User Data Challenge */,
				82A63E3419C22D1C00BDE15D /* User Data ChallengeTests */,
			);
		};
/* End PBXProject section */

/* Begin PBXResourcesBuildPhase section */
		82A63E1219C22D1B00BDE15D /* Resources */ = {
			isa = PBXResourcesBuildPhase;
			buildActionMask = 2147483647;
			files = (
				82A63E3019C22D1C00BDE15D /* Images.xcassets in Resources */,
				82A63E2219C22D1C00BDE15D /* InfoPlist.strings in Resources */,
				82A63E2B19C22D1C00BDE15D /* Main.storyboard in Resources */,
			);
			runOnlyForDeploymentPostprocessing = 0;
		};
		82A63E3319C22D1C00BDE15D /* Resources */ = {
			isa = PBXResourcesBuildPhase;
			buildActionMask = 2147483647;
			files = (
				82A63E4119C22D1C00BDE15D /* InfoPlist.strings in Resources */,
			);
			runOnlyForDeploymentPostprocessing = 0;
		};
/* End PBXResourcesBuildPhase section */

/* Begin PBXSourcesBuildPhase section */
		82A63E1019C22D1B00BDE15D /* Sources */ = {
			isa = PBXSourcesBuildPhase;
			buildActionMask = 2147483647;
			files = (
				82A63E2819C22D1C00BDE15D /* CCAppDelegate.m in Sources */,
				82A63E2419C22D1C00BDE15D /* main.m in Sources */,
				82A63E4F19C2317400BDE15D /* CCUserData.m in Sources */,
				82A63E2E19C22D1C00BDE15D /* CCViewController.m in Sources */,
			);
			runOnlyForDeploymentPostprocessing = 0;
		};
		82A63E3119C22D1C00BDE15D /* Sources */ = {
			isa = PBXSourcesBuildPhase;
			buildActionMask = 2147483647;
			files = (
				82A63E4319C22D1C00BDE15D /* User_Data_ChallengeTests.m in Sources */,
			);
			runOnlyForDeploymentPostprocessing = 0;
		};
/* End PBXSourcesBuildPhase section */

/* Begin PBXTargetDependency section */
		82A63E3B19C22D1C00BDE15D /* PBXTargetDependency */ = {
			isa = PBXTargetDependency;
			target = 82A63E1319C22D1B00BDE15D /* User Data Challenge */;
			targetProxy = 82A63E3A19C22D1C00BDE15D /* PBXContainerItemProxy */;
		};
/* End PBXTargetDependency section */

/* Begin PBXVariantGroup section */
		82A63E2019C22D1C00BDE15D /* InfoPlist.strings */ = {
			isa = PBXVariantGroup;
			children = (
				82A63E2119C22D1C00BDE15D /* en */,
			);
			name = InfoPlist.strings;
			sourceTree = "<group>";
		};
		82A63E2919C22D1C00BDE15D /* Main.storyboard */ = {
			isa = PBXVariantGroup;
			children = (
				82A63E2A19C22D1C00BDE15D /* Base */,
			);
			name = Main.storyboard;
			sourceTree = "<group>";
		};
		82A63E3F19C22D1C00BDE15D /* InfoPlist.strings */ = {
			isa = PBXVariantGroup;
			children = (
				82A63E4019C22D1C00BDE15D /* en */,
			);
			name = InfoPlist.strings;
			sourceTree = "<group>";
		};
/* End PBXVariantGroup section */

/* Begin XCBuildConfiguration section */
		82A63E4419C22D1C00BDE15D /* Debug */ = {
			isa = XCBuildConfiguration;
			buildSettings = {
				ALWAYS_SEARCH_USER_PATHS = NO;
				CLANG_CXX_LANGUAGE_STANDARD = "gnu++0x";
				CLANG_CXX_LIBRARY = "libc++";
				CLANG_ENABLE_MODULES = YES;
				CLANG_ENABLE_OBJC_ARC = YES;
				CLANG_WARN_BOOL_CONVERSION = YES;
				CLANG_WARN_CONSTANT_CONVERSION = YES;
				CLANG_WARN_DIRECT_OBJC_ISA_USAGE = YES_ERROR;
				CLANG_WARN_EMPTY_BODY = YES;
				CLANG_WARN_ENUM_CONVERSION = YES;
				CLANG_WARN_INT_CONVERSION = YES;
				CLANG_WARN_OBJC_ROOT_CLASS = YES_ERROR;
				CLANG_WARN__DUPLICATE_METHOD_MATCH = YES;
				"CODE_SIGN_IDENTITY[sdk=iphoneos*]" = "iPhone Developer";
				COPY_PHASE_STRIP = NO;
				GCC_C_LANGUAGE_STANDARD = gnu99;
				GCC_DYNAMIC_NO_PIC = NO;
				GCC_OPTIMIZATION_LEVEL = 0;
				GCC_PREPROCESSOR_DEFINITIONS = (
					"DEBUG=1",
					"$(inherited)",
				);
				GCC_SYMBOLS_PRIVATE_EXTERN = NO;
				GCC_WARN_64_TO_32_BIT_CONVERSION = YES;
				GCC_WARN_ABOUT_RETURN_TYPE = YES_ERROR;
				GCC_WARN_UNDECLARED_SELECTOR = YES;
				GCC_WARN_UNINITIALIZED_AUTOS = YES_AGGRESSIVE;
				GCC_WARN_UNUSED_FUNCTION = YES;
				GCC_WARN_UNUSED_VARIABLE = YES;
				IPHONEOS_DEPLOYMENT_TARGET = 7.1;
				ONLY_ACTIVE_ARCH = YES;
				SDKROOT = iphoneos;
			};
			name = Debug;
		};
		82A63E4519C22D1C00BDE15D /* Release */ = {
			isa = XCBuildConfiguration;
			buildSettings = {
				ALWAYS_SEARCH_USER_PATHS = NO;
				CLANG_CXX_LANGUAGE_STANDARD = "gnu++0x";
				CLANG_CXX_LIBRARY = "libc++";
				CLANG_ENABLE_MODULES = YES;
				CLANG_ENABLE_OBJC_ARC = YES;
				CLANG_WARN_BOOL_CONVERSION = YES;
				CLANG_WARN_CONSTANT_CONVERSION = YES;
				CLANG_WARN_DIRECT_OBJC_ISA_USAGE = YES_ERROR;
				CLANG_WARN_EMPTY_BODY = YES;
				CLANG_WARN_ENUM_CONVERSION = YES;
				CLANG_WARN_INT_CONVERSION = YES;
				CLANG_WARN_OBJC_ROOT_CLASS = YES_ERROR;
				CLANG_WARN__DUPLICATE_METHOD_MATCH = YES;
				"CODE_SIGN_IDENTITY[sdk=iphoneos*]" = "iPhone Developer";
				COPY_PHASE_STRIP = YES;
				ENABLE_NS_ASSERTIONS = NO;
				GCC_C_LANGUAGE_STANDARD = gnu99;
				GCC_WARN_64_TO_32_BIT_CONVERSION = YES;
				GCC_WARN_ABOUT_RETURN_TYPE = YES_ERROR;
				GCC_WARN_UNDECLARED_SELECTOR = YES;
				GCC_WARN_UNINITIALIZED_AUTOS = YES_AGGRESSIVE;
				GCC_WARN_UNUSED_FUNCTION = YES;
				GCC_WARN_UNUSED_VARIABLE = YES;
				IPHONEOS_DEPLOYMENT_TARGET = 7.1;
				SDKROOT = iphoneos;
				VALIDATE_PRODUCT = YES;
			};
			name = Release;
		};
		82A63E4719C22D1C00BDE15D /* Debug */ = {
			isa = XCBuildConfiguration;
			buildSettings = {
				ASSETCATALOG_COMPILER_APPICON_NAME = AppIcon;
				ASSETCATALOG_COMPILER_LAUNCHIMAGE_NAME = LaunchImage;
				GCC_PRECOMPILE_PREFIX_HEADER = YES;
				GCC_PREFIX_HEADER = "User Data Challenge/User Data Challenge-Prefix.pch";
				INFOPLIST_FILE = "User Data Challenge/User Data Challenge-Info.plist";
				PRODUCT_NAME = "$(TARGET_NAME)";
				WRAPPER_EXTENSION = app;
			};
			name = Debug;
		};
		82A63E4819C22D1C00BDE15D /* Release */ = {
			isa = XCBuildConfiguration;
			buildSettings = {
				ASSETCATALOG_COMPILER_APPICON_NAME = AppIcon;
				ASSETCATALOG_COMPILER_LAUNCHIMAGE_NAME = LaunchImage;
				GCC_PRECOMPILE_PREFIX_HEADER = YES;
				GCC_PREFIX_HEADER = "User Data Challenge/User Data Challenge-Prefix.pch";
				INFOPLIST_FILE = "User Data Challenge/User Data Challenge-Info.plist";
				PRODUCT_NAME = "$(TARGET_NAME)";
				WRAPPER_EXTENSION = app;
			};
			name = Release;
		};
		82A63E4A19C22D1C00BDE15D /* Debug */ = {
			isa = XCBuildConfiguration;
			buildSettings = {
				BUNDLE_LOADER = "$(BUILT_PRODUCTS_DIR)/User Data Challenge.app/User Data Challenge";
				FRAMEWORK_SEARCH_PATHS = (
					"$(SDKROOT)/Developer/Library/Frameworks",
					"$(inherited)",
					"$(DEVELOPER_FRAMEWORKS_DIR)",
				);
				GCC_PRECOMPILE_PREFIX_HEADER = YES;
				GCC_PREFIX_HEADER = "User Data Challenge/User Data Challenge-Prefix.pch";
				GCC_PREPROCESSOR_DEFINITIONS = (
					"DEBUG=1",
					"$(inherited)",
				);
				INFOPLIST_FILE = "User Data ChallengeTests/User Data ChallengeTests-Info.plist";
				PRODUCT_NAME = "$(TARGET_NAME)";
				TEST_HOST = "$(BUNDLE_LOADER)";
				WRAPPER_EXTENSION = xctest;
			};
			name = Debug;
		};
		82A63E4B19C22D1C00BDE15D /* Release */ = {
			isa = XCBuildConfiguration;
			buildSettings = {
				BUNDLE_LOADER = "$(BUILT_PRODUCTS_DIR)/User Data Challenge.app/User Data Challenge";
				FRAMEWORK_SEARCH_PATHS = (
					"$(SDKROOT)/Developer/Library/Frameworks",
					"$(inherited)",
					"$(DEVELOPER_FRAMEWORKS_DIR)",
				);
				GCC_PRECOMPILE_PREFIX_HEADER = YES;
				GCC_PREFIX_HEADER = "User Data Challenge/User Data Challenge-Prefix.pch";
				INFOPLIST_FILE = "User Data ChallengeTests/User Data ChallengeTests-Info.plist";
				PRODUCT_NAME = "$(TARGET_NAME)";
				TEST_HOST = "$(BUNDLE_LOADER)";
				WRAPPER_EXTENSION = xctest;
			};
			name = Release;
		};
/* End XCBuildConfiguration section */

/* Begin XCConfigurationList section */
		82A63E0F19C22D1B00BDE15D /* Build configuration list for PBXProject "User Data Challenge" */ = {
			isa = XCConfigurationList;
			buildConfigurations = (
				82A63E4419C22D1C00BDE15D /* Debug */,
				82A63E4519C22D1C00BDE15D /* Release */,
			);
			defaultConfigurationIsVisible = 0;
			defaultConfigurationName = Release;
		};
		82A63E4619C22D1C00BDE15D /* Build configuration list for PBXNativeTarget "User Data Challenge" */ = {
			isa = XCConfigurationList;
			buildConfigurations = (
				82A63E4719C22D1C00BDE15D /* Debug */,
				82A63E4819C22D1C00BDE15D /* Release */,
			);
			defaultConfigurationIsVisible = 0;
		};
		82A63E4919C22D1C00BDE15D /* Build configuration list for PBXNativeTarget "User Data ChallengeTests" */ = {
			isa = XCConfigurationList;
			buildConfigurations = (
				82A63E4A19C22D1C00BDE15D /* Debug */,
				82A63E4B19C22D1C00BDE15D /* Release */,
			);
			defaultConfigurationIsVisible = 0;
		};
/* End XCConfigurationList section */
	};
	rootObject = 82A63E0C19C22D1B00BDE15D /* Project object */;
}
